
Microsoft Visual Studio Solution File, Format Version 12.00
Project("{FAE04EC0-301F-11D3-BF4B-00C04F79EFBC}") = "Q-Learning", "Q-Learning\Q-Learning.csproj", "{4BCAABAA-36CE-4DD9-B52F-101AD37EBBCC}"
EndProject
Global
	GlobalSection(SolutionConfigurationPlatforms) = preSolution
		Debug|Any CPU = Debug|Any CPU
		Release|Any CPU = Release|Any CPU
	EndGlobalSection
	GlobalSection(ProjectConfigurationPlatforms) = postSolution
		{4BCAABAA-36CE-4DD9-B52F-101AD37EBBCC}.Debug|Any CPU.ActiveCfg = Debug|Any CPU
		{4BCAABAA-36CE-4DD9-B52F-101AD37EBBCC}.Debug|Any CPU.Build.0 = Debug|Any CPU
		{4BCAABAA-36CE-4DD9-B52F-101AD37EBBCC}.Release|Any CPU.ActiveCfg = Release|Any CPU
		{4BCAABAA-36CE-4DD9-B52F-101AD37EBBCC}.Release|Any CPU.Build.0 = Release|Any CPU
	EndGlobalSection
EndGlobal
